
Microsoft Visual Studio Solution File, Format Version 12.00
# Visual Studio 15
VisualStudioVersion = 15.0.27703.2035
MinimumVisualStudioVersion = 10.0.40219.1
Project("{FAE04EC0-301F-11D3-BF4B-00C04F79EFBC}") = "XamarinTelloApp.Android", "XamarinTelloApp\XamarinTelloApp.Android\XamarinTelloApp.Android.csproj", "{D0998908-BE99-41F7-B2CB-A2E16CB856E4}"
EndProject
Project("{FAE04EC0-301F-11D3-BF4B-00C04F79EFBC}") = "XamarinTelloApp.iOS", "XamarinTelloApp\XamarinTelloApp.iOS\XamarinTelloApp.iOS.csproj", "{5E0C5F22-ABD3-4A43-8E10-44DE17B64FFA}"
EndProject
Project("{FAE04EC0-301F-11D3-BF4B-00C04F79EFBC}") = "XamarinTelloApp.UWP", "XamarinTelloApp\XamarinTelloApp.UWP\XamarinTelloApp.UWP.csproj", "{024D3A09-575D-40F7-9578-7A4A2E7D6F1C}"
EndProject
Project("{FAE04EC0-301F-11D3-BF4B-00C04F79EFBC}") = "XamarinTelloApp", "XamarinTelloApp\XamarinTelloApp\XamarinTelloApp.csproj", "{BE043FF4-D228-46F7-8D61-1329E7C4AA83}"
EndProject
Project("{FAE04EC0-301F-11D3-BF4B-00C04F79EFBC}") = "XamarinTelloApp.Core", "XamarinTelloApp.Core\XamarinTelloApp.Core.csproj", "{D07DEBAC-4A99-4C67-89FA-5F7741A37E26}"
EndProject
Project("{2150E333-8FDC-42A3-9474-1A3956D46DE8}") = "Platforms", "Platforms", "{DC39827A-5C9F-4DF3-A099-AB417412D14F}"
EndProject
Global
	GlobalSection(SolutionConfigurationPlatforms) = preSolution
		Ad-Hoc|Any CPU = Ad-Hoc|Any CPU
		Ad-Hoc|ARM = Ad-Hoc|ARM
		Ad-Hoc|iPhone = Ad-Hoc|iPhone
		Ad-Hoc|iPhoneSimulator = Ad-Hoc|iPhoneSimulator
		Ad-Hoc|x64 = Ad-Hoc|x64
		Ad-Hoc|x86 = Ad-Hoc|x86
		AppStore|Any CPU = AppStore|Any CPU
		AppStore|ARM = AppStore|ARM
		AppStore|iPhone = AppStore|iPhone
		AppStore|iPhoneSimulator = AppStore|iPhoneSimulator
		AppStore|x64 = AppStore|x64
		AppStore|x86 = AppStore|x86
		Debug|Any CPU = Debug|Any CPU
		Debug|ARM = Debug|ARM
		Debug|iPhone = Debug|iPhone
		Debug|iPhoneSimulator = Debug|iPhoneSimulator
		Debug|x64 = Debug|x64
		Debug|x86 = Debug|x86
		Release|Any CPU = Release|Any CPU
		Release|ARM = Release|ARM
		Release|iPhone = Release|iPhone
		Release|iPhoneSimulator = Release|iPhoneSimulator
		Release|x64 = Release|x64
		Release|x86 = Release|x86
	EndGlobalSection
	GlobalSection(ProjectConfigurationPlatforms) = postSolution
		{D0998908-BE99-41F7-B2CB-A2E16CB856E4}.Ad-Hoc|Any CPU.ActiveCfg = Release|Any CPU
		{D0998908-BE99-41F7-B2CB-A2E16CB856E4}.Ad-Hoc|Any CPU.Build.0 = Release|Any CPU
		{D0998908-BE99-41F7-B2CB-A2E16CB856E4}.Ad-Hoc|Any CPU.Deploy.0 = Release|Any CPU
		{D0998908-BE99-41F7-B2CB-A2E16CB856E4}.Ad-Hoc|ARM.ActiveCfg = Release|Any CPU
		{D0998908-BE99-41F7-B2CB-A2E16CB856E4}.Ad-Hoc|ARM.Build.0 = Release|Any CPU
		{D0998908-BE99-41F7-B2CB-A2E16CB856E4}.Ad-Hoc|ARM.Deploy.0 = Release|Any CPU
		{D0998908-BE99-41F7-B2CB-A2E16CB856E4}.Ad-Hoc|iPhone.ActiveCfg = Release|Any CPU
		{D0998908-BE99-41F7-B2CB-A2E16CB856E4}.Ad-Hoc|iPhone.Build.0 = Release|Any CPU
		{D0998908-BE99-41F7-B2CB-A2E16CB856E4}.Ad-Hoc|iPhone.Deploy.0 = Release|Any CPU
		{D0998908-BE99-41F7-B2CB-A2E16CB856E4}.Ad-Hoc|iPhoneSimulator.ActiveCfg = Release|Any CPU
		{D0998908-BE99-41F7-B2CB-A2E16CB856E4}.Ad-Hoc|iPhoneSimulator.Build.0 = Release|Any CPU
		{D0998908-BE99-41F7-B2CB-A2E16CB856E4}.Ad-Hoc|iPhoneSimulator.Deploy.0 = Release|Any CPU
		{D0998908-BE99-41F7-B2CB-A2E16CB856E4}.Ad-Hoc|x64.ActiveCfg = Release|Any CPU
		{D0998908-BE99-41F7-B2CB-A2E16CB856E4}.Ad-Hoc|x64.Build.0 = Release|Any CPU
		{D0998908-BE99-41F7-B2CB-A2E16CB856E4}.Ad-Hoc|x64.Deploy.0 = Release|Any CPU
		{D0998908-BE99-41F7-B2CB-A2E16CB856E4}.Ad-Hoc|x86.ActiveCfg = Release|Any CPU
		{D0998908-BE99-41F7-B2CB-A2E16CB856E4}.Ad-Hoc|x86.Build.0 = Release|Any CPU
		{D0998908-BE99-41F7-B2CB-A2E16CB856E4}.Ad-Hoc|x86.Deploy.0 = Release|Any CPU
		{D0998908-BE99-41F7-B2CB-A2E16CB856E4}.AppStore|Any CPU.ActiveCfg = Release|Any CPU
		{D0998908-BE99-41F7-B2CB-A2E16CB856E4}.AppStore|Any CPU.Build.0 = Release|Any CPU
		{D0998908-BE99-41F7-B2CB-A2E16CB856E4}.AppStore|Any CPU.Deploy.0 = Release|Any CPU
		{D0998908-BE99-41F7-B2CB-A2E16CB856E4}.AppStore|ARM.ActiveCfg = Release|Any CPU
		{D0998908-BE99-41F7-B2CB-A2E16CB856E4}.AppStore|ARM.Build.0 = Release|Any CPU
		{D0998908-BE99-41F7-B2CB-A2E16CB856E4}.AppStore|ARM.Deploy.0 = Release|Any CPU
		{D0998908-BE99-41F7-B2CB-A2E16CB856E4}.AppStore|iPhone.ActiveCfg = Release|Any CPU
		{D0998908-BE99-41F7-B2CB-A2E16CB856E4}.AppStore|iPhone.Build.0 = Release|Any CPU
		{D0998908-BE99-41F7-B2CB-A2E16CB856E4}.AppStore|iPhone.Deploy.0 = Release|Any CPU
		{D0998908-BE99-41F7-B2CB-A2E16CB856E4}.AppStore|iPhoneSimulator.ActiveCfg = Release|Any CPU
		{D0998908-BE99-41F7-B2CB-A2E16CB856E4}.AppStore|iPhoneSimulator.Build.0 = Release|Any CPU
		{D0998908-BE99-41F7-B2CB-A2E16CB856E4}.AppStore|iPhoneSimulator.Deploy.0 = Release|Any CPU
		{D0998908-BE99-41F7-B2CB-A2E16CB856E4}.AppStore|x64.ActiveCfg = Release|Any CPU
		{D0998908-BE99-41F7-B2CB-A2E16CB856E4}.AppStore|x64.Build.0 = Release|Any CPU
		{D0998908-BE99-41F7-B2CB-A2E16CB856E4}.AppStore|x64.Deploy.0 = Release|Any CPU
		{D0998908-BE99-41F7-B2CB-A2E16CB856E4}.AppStore|x86.ActiveCfg = Release|Any CPU
		{D0998908-BE99-41F7-B2CB-A2E16CB856E4}.AppStore|x86.Build.0 = Release|Any CPU
		{D0998908-BE99-41F7-B2CB-A2E16CB856E4}.AppStore|x86.Deploy.0 = Release|Any CPU
		{D0998908-BE99-41F7-B2CB-A2E16CB856E4}.Debug|Any CPU.ActiveCfg = Debug|Any CPU
		{D0998908-BE99-41F7-B2CB-A2E16CB856E4}.Debug|Any CPU.Build.0 = Debug|Any CPU
		{D0998908-BE99-41F7-B2CB-A2E16CB856E4}.Debug|Any CPU.Deploy.0 = Debug|Any CPU
		{D0998908-BE99-41F7-B2CB-A2E16CB856E4}.Debug|ARM.ActiveCfg = Debug|Any CPU
		{D0998908-BE99-41F7-B2CB-A2E16CB856E4}.Debug|ARM.Build.0 = Debug|Any CPU
		{D0998908-BE99-41F7-B2CB-A2E16CB856E4}.Debug|ARM.Deploy.0 = Debug|Any CPU
		{D0998908-BE99-41F7-B2CB-A2E16CB856E4}.Debug|iPhone.ActiveCfg = Debug|Any CPU
		{D0998908-BE99-41F7-B2CB-A2E16CB856E4}.Debug|iPhone.Build.0 = Debug|Any CPU
		{D0998908-BE99-41F7-B2CB-A2E16CB856E4}.Debug|iPhone.Deploy.0 = Debug|Any CPU
		{D0998908-BE99-41F7-B2CB-A2E16CB856E4}.Debug|iPhoneSimulator.ActiveCfg = Debug|Any CPU
		{D0998908-BE99-41F7-B2CB-A2E16CB856E4}.Debug|iPhoneSimulator.Build.0 = Debug|Any CPU
		{D0998908-BE99-41F7-B2CB-A2E16CB856E4}.Debug|iPhoneSimulator.Deploy.0 = Debug|Any CPU
		{D0998908-BE99-41F7-B2CB-A2E16CB856E4}.Debug|x64.ActiveCfg = Debug|Any CPU
		{D0998908-BE99-41F7-B2CB-A2E16CB856E4}.Debug|x64.Build.0 = Debug|Any CPU
		{D0998908-BE99-41F7-B2CB-A2E16CB856E4}.Debug|x64.Deploy.0 = Debug|Any CPU
		{D0998908-BE99-41F7-B2CB-A2E16CB856E4}.Debug|x86.ActiveCfg = Debug|Any CPU
		{D0998908-BE99-41F7-B2CB-A2E16CB856E4}.Debug|x86.Build.0 = Debug|Any CPU
		{D0998908-BE99-41F7-B2CB-A2E16CB856E4}.Debug|x86.Deploy.0 = Debug|Any CPU
		{D0998908-BE99-41F7-B2CB-A2E16CB856E4}.Release|Any CPU.ActiveCfg = Release|Any CPU
		{D0998908-BE99-41F7-B2CB-A2E16CB856E4}.Release|Any CPU.Build.0 = Release|Any CPU
		{D0998908-BE99-41F7-B2CB-A2E16CB856E4}.Release|Any CPU.Deploy.0 = Release|Any CPU
		{D0998908-BE99-41F7-B2CB-A2E16CB856E4}.Release|ARM.ActiveCfg = Release|Any CPU
		{D0998908-BE99-41F7-B2CB-A2E16CB856E4}.Release|ARM.Build.0 = Release|Any CPU
		{D0998908-BE99-41F7-B2CB-A2E16CB856E4}.Release|ARM.Deploy.0 = Release|Any CPU
		{D0998908-BE99-41F7-B2CB-A2E16CB856E4}.Release|iPhone.ActiveCfg = Release|Any CPU
		{D0998908-BE99-41F7-B2CB-A2E16CB856E4}.Release|iPhone.Build.0 = Release|Any CPU
		{D0998908-BE99-41F7-B2CB-A2E16CB856E4}.Release|iPhone.Deploy.0 = Release|Any CPU
		{D0998908-BE99-41F7-B2CB-A2E16CB856E4}.Release|iPhoneSimulator.ActiveCfg = Release|Any CPU
		{D0998908-BE99-41F7-B2CB-A2E16CB856E4}.Release|iPhoneSimulator.Build.0 = Release|Any CPU
		{D0998908-BE99-41F7-B2CB-A2E16CB856E4}.Release|iPhoneSimulator.Deploy.0 = Release|Any CPU
		{D0998908-BE99-41F7-B2CB-A2E16CB856E4}.Release|x64.ActiveCfg = Release|Any CPU
		{D0998908-BE99-41F7-B2CB-A2E16CB856E4}.Release|x64.Build.0 = Release|Any CPU
		{D0998908-BE99-41F7-B2CB-A2E16CB856E4}.Release|x64.Deploy.0 = Release|Any CPU
		{D0998908-BE99-41F7-B2CB-A2E16CB856E4}.Release|x86.ActiveCfg = Release|Any CPU
		{D0998908-BE99-41F7-B2CB-A2E16CB856E4}.Release|x86.Build.0 = Release|Any CPU
		{D0998908-BE99-41F7-B2CB-A2E16CB856E4}.Release|x86.Deploy.0 = Release|Any CPU
		{5E0C5F22-ABD3-4A43-8E10-44DE17B64FFA}.Ad-Hoc|Any CPU.ActiveCfg = Ad-Hoc|iPhone
		{5E0C5F22-ABD3-4A43-8E10-44DE17B64FFA}.Ad-Hoc|Any CPU.Build.0 = Ad-Hoc|iPhone
		{5E0C5F22-ABD3-4A43-8E10-44DE17B64FFA}.Ad-Hoc|Any CPU.Deploy.0 = Ad-Hoc|iPhone
		{5E0C5F22-ABD3-4A43-8E10-44DE17B64FFA}.Ad-Hoc|ARM.ActiveCfg = Ad-Hoc|iPhone
		{5E0C5F22-ABD3-4A43-8E10-44DE17B64FFA}.Ad-Hoc|ARM.Build.0 = Ad-Hoc|iPhone
		{5E0C5F22-ABD3-4A43-8E10-44DE17B64FFA}.Ad-Hoc|ARM.Deploy.0 = Ad-Hoc|iPhone
		{5E0C5F22-ABD3-4A43-8E10-44DE17B64FFA}.Ad-Hoc|iPhone.ActiveCfg = Ad-Hoc|iPhone
		{5E0C5F22-ABD3-4A43-8E10-44DE17B64FFA}.Ad-Hoc|iPhone.Build.0 = Ad-Hoc|iPhone
		{5E0C5F22-ABD3-4A43-8E10-44DE17B64FFA}.Ad-Hoc|iPhone.Deploy.0 = Ad-Hoc|iPhone
		{5E0C5F22-ABD3-4A43-8E10-44DE17B64FFA}.Ad-Hoc|iPhoneSimulator.ActiveCfg = Ad-Hoc|iPhoneSimulator
		{5E0C5F22-ABD3-4A43-8E10-44DE17B64FFA}.Ad-Hoc|iPhoneSimulator.Build.0 = Ad-Hoc|iPhoneSimulator
		{5E0C5F22-ABD3-4A43-8E10-44DE17B64FFA}.Ad-Hoc|iPhoneSimulator.Deploy.0 = Ad-Hoc|iPhoneSimulator
		{5E0C5F22-ABD3-4A43-8E10-44DE17B64FFA}.Ad-Hoc|x64.ActiveCfg = Ad-Hoc|iPhone
		{5E0C5F22-ABD3-4A43-8E10-44DE17B64FFA}.Ad-Hoc|x64.Build.0 = Ad-Hoc|iPhone
		{5E0C5F22-ABD3-4A43-8E10-44DE17B64FFA}.Ad-Hoc|x64.Deploy.0 = Ad-Hoc|iPhone
		{5E0C5F22-ABD3-4A43-8E10-44DE17B64FFA}.Ad-Hoc|x86.ActiveCfg = Ad-Hoc|iPhone
		{5E0C5F22-ABD3-4A43-8E10-44DE17B64FFA}.Ad-Hoc|x86.Build.0 = Ad-Hoc|iPhone
		{5E0C5F22-ABD3-4A43-8E10-44DE17B64FFA}.Ad-Hoc|x86.Deploy.0 = Ad-Hoc|iPhone
		{5E0C5F22-ABD3-4A43-8E10-44DE17B64FFA}.AppStore|Any CPU.ActiveCfg = AppStore|iPhone
		{5E0C5F22-ABD3-4A43-8E10-44DE17B64FFA}.AppStore|Any CPU.Build.0 = AppStore|iPhone
		{5E0C5F22-ABD3-4A43-8E10-44DE17B64FFA}.AppStore|Any CPU.Deploy.0 = AppStore|iPhone
		{5E0C5F22-ABD3-4A43-8E10-44DE17B64FFA}.AppStore|ARM.ActiveCfg = AppStore|iPhone
		{5E0C5F22-ABD3-4A43-8E10-44DE17B64FFA}.AppStore|ARM.Build.0 = AppStore|iPhone
		{5E0C5F22-ABD3-4A43-8E10-44DE17B64FFA}.AppStore|ARM.Deploy.0 = AppStore|iPhone
		{5E0C5F22-ABD3-4A43-8E10-44DE17B64FFA}.AppStore|iPhone.ActiveCfg = AppStore|iPhone
		{5E0C5F22-ABD3-4A43-8E10-44DE17B64FFA}.AppStore|iPhone.Build.0 = AppStore|iPhone
		{5E0C5F22-ABD3-4A43-8E10-44DE17B64FFA}.AppStore|iPhone.Deploy.0 = AppStore|iPhone
		{5E0C5F22-ABD3-4A43-8E10-44DE17B64FFA}.AppStore|iPhoneSimulator.ActiveCfg = AppStore|iPhoneSimulator
		{5E0C5F22-ABD3-4A43-8E10-44DE17B64FFA}.AppStore|iPhoneSimulator.Build.0 = AppStore|iPhoneSimulator
		{5E0C5F22-ABD3-4A43-8E10-44DE17B64FFA}.AppStore|iPhoneSimulator.Deploy.0 = AppStore|iPhoneSimulator
		{5E0C5F22-ABD3-4A43-8E10-44DE17B64FFA}.AppStore|x64.ActiveCfg = AppStore|iPhone
		{5E0C5F22-ABD3-4A43-8E10-44DE17B64FFA}.AppStore|x64.Build.0 = AppStore|iPhone
		{5E0C5F22-ABD3-4A43-8E10-44DE17B64FFA}.AppStore|x64.Deploy.0 = AppStore|iPhone
		{5E0C5F22-ABD3-4A43-8E10-44DE17B64FFA}.AppStore|x86.ActiveCfg = AppStore|iPhone
		{5E0C5F22-ABD3-4A43-8E10-44DE17B64FFA}.AppStore|x86.Build.0 = AppStore|iPhone
		{5E0C5F22-ABD3-4A43-8E10-44DE17B64FFA}.AppStore|x86.Deploy.0 = AppStore|iPhone
		{5E0C5F22-ABD3-4A43-8E10-44DE17B64FFA}.Debug|Any CPU.ActiveCfg = Debug|iPhoneSimulator
		{5E0C5F22-ABD3-4A43-8E10-44DE17B64FFA}.Debug|Any CPU.Build.0 = Debug|iPhoneSimulator
		{5E0C5F22-ABD3-4A43-8E10-44DE17B64FFA}.Debug|Any CPU.Deploy.0 = Debug|iPhoneSimulator
		{5E0C5F22-ABD3-4A43-8E10-44DE17B64FFA}.Debug|ARM.ActiveCfg = Debug|iPhone
		{5E0C5F22-ABD3-4A43-8E10-44DE17B64FFA}.Debug|ARM.Build.0 = Debug|iPhone
		{5E0C5F22-ABD3-4A43-8E10-44DE17B64FFA}.Debug|ARM.Deploy.0 = Debug|iPhone
		{5E0C5F22-ABD3-4A43-8E10-44DE17B64FFA}.Debug|iPhone.ActiveCfg = Debug|iPhone
		{5E0C5F22-ABD3-4A43-8E10-44DE17B64FFA}.Debug|iPhone.Build.0 = Debug|iPhone
		{5E0C5F22-ABD3-4A43-8E10-44DE17B64FFA}.Debug|iPhone.Deploy.0 = Debug|iPhone
		{5E0C5F22-ABD3-4A43-8E10-44DE17B64FFA}.Debug|iPhoneSimulator.ActiveCfg = Debug|iPhoneSimulator
		{5E0C5F22-ABD3-4A43-8E10-44DE17B64FFA}.Debug|iPhoneSimulator.Build.0 = Debug|iPhoneSimulator
		{5E0C5F22-ABD3-4A43-8E10-44DE17B64FFA}.Debug|iPhoneSimulator.Deploy.0 = Debug|iPhoneSimulator
		{5E0C5F22-ABD3-4A43-8E10-44DE17B64FFA}.Debug|x64.ActiveCfg = Debug|iPhone
		{5E0C5F22-ABD3-4A43-8E10-44DE17B64FFA}.Debug|x64.Build.0 = Debug|iPhone
		{5E0C5F22-ABD3-4A43-8E10-44DE17B64FFA}.Debug|x64.Deploy.0 = Debug|iPhone
		{5E0C5F22-ABD3-4A43-8E10-44DE17B64FFA}.Debug|x86.ActiveCfg = Debug|iPhone
		{5E0C5F22-ABD3-4A43-8E10-44DE17B64FFA}.Debug|x86.Build.0 = Debug|iPhone
		{5E0C5F22-ABD3-4A43-8E10-44DE17B64FFA}.Debug|x86.Deploy.0 = Debug|iPhone
		{5E0C5F22-ABD3-4A43-8E10-44DE17B64FFA}.Release|Any CPU.ActiveCfg = Release|iPhone
		{5E0C5F22-ABD3-4A43-8E10-44DE17B64FFA}.Release|Any CPU.Build.0 = Release|iPhone
		{5E0C5F22-ABD3-4A43-8E10-44DE17B64FFA}.Release|Any CPU.Deploy.0 = Release|iPhone
		{5E0C5F22-ABD3-4A43-8E10-44DE17B64FFA}.Release|ARM.ActiveCfg = Release|iPhone
		{5E0C5F22-ABD3-4A43-8E10-44DE17B64FFA}.Release|ARM.Build.0 = Release|iPhone
		{5E0C5F22-ABD3-4A43-8E10-44DE17B64FFA}.Release|ARM.Deploy.0 = Release|iPhone
		{5E0C5F22-ABD3-4A43-8E10-44DE17B64FFA}.Release|iPhone.ActiveCfg = Release|iPhone
		{5E0C5F22-ABD3-4A43-8E10-44DE17B64FFA}.Release|iPhone.Build.0 = Release|iPhone
		{5E0C5F22-ABD3-4A43-8E10-44DE17B64FFA}.Release|iPhone.Deploy.0 = Release|iPhone
		{5E0C5F22-ABD3-4A43-8E10-44DE17B64FFA}.Release|iPhoneSimulator.ActiveCfg = Release|iPhoneSimulator
		{5E0C5F22-ABD3-4A43-8E10-44DE17B64FFA}.Release|iPhoneSimulator.Build.0 = Release|iPhoneSimulator
		{5E0C5F22-ABD3-4A43-8E10-44DE17B64FFA}.Release|iPhoneSimulator.Deploy.0 = Release|iPhoneSimulator
		{5E0C5F22-ABD3-4A43-8E10-44DE17B64FFA}.Release|x64.ActiveCfg = Release|iPhone
		{5E0C5F22-ABD3-4A43-8E10-44DE17B64FFA}.Release|x64.Build.0 = Release|iPhone
		{5E0C5F22-ABD3-4A43-8E10-44DE17B64FFA}.Release|x64.Deploy.0 = Release|iPhone
		{5E0C5F22-ABD3-4A43-8E10-44DE17B64FFA}.Release|x86.ActiveCfg = Release|iPhone
		{5E0C5F22-ABD3-4A43-8E10-44DE17B64FFA}.Release|x86.Build.0 = Release|iPhone
		{5E0C5F22-ABD3-4A43-8E10-44DE17B64FFA}.Release|x86.Deploy.0 = Release|iPhone
		{024D3A09-575D-40F7-9578-7A4A2E7D6F1C}.Ad-Hoc|Any CPU.ActiveCfg = Release|x86
		{024D3A09-575D-40F7-9578-7A4A2E7D6F1C}.Ad-Hoc|Any CPU.Build.0 = Release|x86
		{024D3A09-575D-40F7-9578-7A4A2E7D6F1C}.Ad-Hoc|Any CPU.Deploy.0 = Release|x86
		{024D3A09-575D-40F7-9578-7A4A2E7D6F1C}.Ad-Hoc|ARM.ActiveCfg = Release|ARM
		{024D3A09-575D-40F7-9578-7A4A2E7D6F1C}.Ad-Hoc|ARM.Build.0 = Release|ARM
		{024D3A09-575D-40F7-9578-7A4A2E7D6F1C}.Ad-Hoc|ARM.Deploy.0 = Release|ARM
		{024D3A09-575D-40F7-9578-7A4A2E7D6F1C}.Ad-Hoc|iPhone.ActiveCfg = Release|x86
		{024D3A09-575D-40F7-9578-7A4A2E7D6F1C}.Ad-Hoc|iPhone.Build.0 = Release|x86
		{024D3A09-575D-40F7-9578-7A4A2E7D6F1C}.Ad-Hoc|iPhone.Deploy.0 = Release|x86
		{024D3A09-575D-40F7-9578-7A4A2E7D6F1C}.Ad-Hoc|iPhoneSimulator.ActiveCfg = Release|x86
		{024D3A09-575D-40F7-9578-7A4A2E7D6F1C}.Ad-Hoc|iPhoneSimulator.Build.0 = Release|x86
		{024D3A09-575D-40F7-9578-7A4A2E7D6F1C}.Ad-Hoc|iPhoneSimulator.Deploy.0 = Release|x86
		{024D3A09-575D-40F7-9578-7A4A2E7D6F1C}.Ad-Hoc|x64.ActiveCfg = Release|x64
		{024D3A09-575D-40F7-9578-7A4A2E7D6F1C}.Ad-Hoc|x64.Build.0 = Release|x64
		{024D3A09-575D-40F7-9578-7A4A2E7D6F1C}.Ad-Hoc|x64.Deploy.0 = Release|x64
		{024D3A09-575D-40F7-9578-7A4A2E7D6F1C}.Ad-Hoc|x86.ActiveCfg = Release|x86
		{024D3A09-575D-40F7-9578-7A4A2E7D6F1C}.Ad-Hoc|x86.Build.0 = Release|x86
		{024D3A09-575D-40F7-9578-7A4A2E7D6F1C}.Ad-Hoc|x86.Deploy.0 = Release|x86
		{024D3A09-575D-40F7-9578-7A4A2E7D6F1C}.AppStore|Any CPU.ActiveCfg = Release|x86
		{024D3A09-575D-40F7-9578-7A4A2E7D6F1C}.AppStore|Any CPU.Build.0 = Release|x86
		{024D3A09-575D-40F7-9578-7A4A2E7D6F1C}.AppStore|Any CPU.Deploy.0 = Release|x86
		{024D3A09-575D-40F7-9578-7A4A2E7D6F1C}.AppStore|ARM.ActiveCfg = Release|ARM
		{024D3A09-575D-40F7-9578-7A4A2E7D6F1C}.AppStore|ARM.Build.0 = Release|ARM
		{024D3A09-575D-40F7-9578-7A4A2E7D6F1C}.AppStore|ARM.Deploy.0 = Release|ARM
		{024D3A09-575D-40F7-9578-7A4A2E7D6F1C}.AppStore|iPhone.ActiveCfg = Release|x86
		{024D3A09-575D-40F7-9578-7A4A2E7D6F1C}.AppStore|iPhone.Build.0 = Release|x86
		{024D3A09-575D-40F7-9578-7A4A2E7D6F1C}.AppStore|iPhone.Deploy.0 = Release|x86
		{024D3A09-575D-40F7-9578-7A4A2E7D6F1C}.AppStore|iPhoneSimulator.ActiveCfg = Release|x86
		{024D3A09-575D-40F7-9578-7A4A2E7D6F1C}.AppStore|iPhoneSimulator.Build.0 = Release|x86
		{024D3A09-575D-40F7-9578-7A4A2E7D6F1C}.AppStore|iPhoneSimulator.Deploy.0 = Release|x86
		{024D3A09-575D-40F7-9578-7A4A2E7D6F1C}.AppStore|x64.ActiveCfg = Release|x64
		{024D3A09-575D-40F7-9578-7A4A2E7D6F1C}.AppStore|x64.Build.0 = Release|x64
		{024D3A09-575D-40F7-9578-7A4A2E7D6F1C}.AppStore|x64.Deploy.0 = Release|x64
		{024D3A09-575D-40F7-9578-7A4A2E7D6F1C}.AppStore|x86.ActiveCfg = Release|x86
		{024D3A09-575D-40F7-9578-7A4A2E7D6F1C}.AppStore|x86.Build.0 = Release|x86
		{024D3A09-575D-40F7-9578-7A4A2E7D6F1C}.AppStore|x86.Deploy.0 = Release|x86
		{024D3A09-575D-40F7-9578-7A4A2E7D6F1C}.Debug|Any CPU.ActiveCfg = Debug|x86
		{024D3A09-575D-40F7-9578-7A4A2E7D6F1C}.Debug|Any CPU.Build.0 = Debug|x86
		{024D3A09-575D-40F7-9578-7A4A2E7D6F1C}.Debug|Any CPU.Deploy.0 = Debug|x86
		{024D3A09-575D-40F7-9578-7A4A2E7D6F1C}.Debug|ARM.ActiveCfg = Debug|ARM
		{024D3A09-575D-40F7-9578-7A4A2E7D6F1C}.Debug|ARM.Build.0 = Debug|ARM
		{024D3A09-575D-40F7-9578-7A4A2E7D6F1C}.Debug|ARM.Deploy.0 = Debug|ARM
		{024D3A09-575D-40F7-9578-7A4A2E7D6F1C}.Debug|iPhone.ActiveCfg = Debug|x86
		{024D3A09-575D-40F7-9578-7A4A2E7D6F1C}.Debug|iPhone.Build.0 = Debug|x86
		{024D3A09-575D-40F7-9578-7A4A2E7D6F1C}.Debug|iPhone.Deploy.0 = Debug|x86
		{024D3A09-575D-40F7-9578-7A4A2E7D6F1C}.Debug|iPhoneSimulator.ActiveCfg = Debug|x86
		{024D3A09-575D-40F7-9578-7A4A2E7D6F1C}.Debug|iPhoneSimulator.Build.0 = Debug|x86
		{024D3A09-575D-40F7-9578-7A4A2E7D6F1C}.Debug|iPhoneSimulator.Deploy.0 = Debug|x86
		{024D3A09-575D-40F7-9578-7A4A2E7D6F1C}.Debug|x64.ActiveCfg = Debug|x64
		{024D3A09-575D-40F7-9578-7A4A2E7D6F1C}.Debug|x64.Build.0 = Debug|x64
		{024D3A09-575D-40F7-9578-7A4A2E7D6F1C}.Debug|x64.Deploy.0 = Debug|x64
		{024D3A09-575D-40F7-9578-7A4A2E7D6F1C}.Debug|x86.ActiveCfg = Debug|x86
		{024D3A09-575D-40F7-9578-7A4A2E7D6F1C}.Debug|x86.Build.0 = Debug|x86
		{024D3A09-575D-40F7-9578-7A4A2E7D6F1C}.Debug|x86.Deploy.0 = Debug|x86
		{024D3A09-575D-40F7-9578-7A4A2E7D6F1C}.Release|Any CPU.ActiveCfg = Release|x86
		{024D3A09-575D-40F7-9578-7A4A2E7D6F1C}.Release|Any CPU.Build.0 = Release|x86
		{024D3A09-575D-40F7-9578-7A4A2E7D6F1C}.Release|Any CPU.Deploy.0 = Release|x86
		{024D3A09-575D-40F7-9578-7A4A2E7D6F1C}.Release|ARM.ActiveCfg = Release|ARM
		{024D3A09-575D-40F7-9578-7A4A2E7D6F1C}.Release|ARM.Build.0 = Release|ARM
		{024D3A09-575D-40F7-9578-7A4A2E7D6F1C}.Release|ARM.Deploy.0 = Release|ARM
		{024D3A09-575D-40F7-9578-7A4A2E7D6F1C}.Release|iPhone.ActiveCfg = Release|x86
		{024D3A09-575D-40F7-9578-7A4A2E7D6F1C}.Release|iPhone.Build.0 = Release|x86
		{024D3A09-575D-40F7-9578-7A4A2E7D6F1C}.Release|iPhone.Deploy.0 = Release|x86
		{024D3A09-575D-40F7-9578-7A4A2E7D6F1C}.Release|iPhoneSimulator.ActiveCfg = Release|x86
		{024D3A09-575D-40F7-9578-7A4A2E7D6F1C}.Release|iPhoneSimulator.Build.0 = Release|x86
		{024D3A09-575D-40F7-9578-7A4A2E7D6F1C}.Release|iPhoneSimulator.Deploy.0 = Release|x86
		{024D3A09-575D-40F7-9578-7A4A2E7D6F1C}.Release|x64.ActiveCfg = Release|x64
		{024D3A09-575D-40F7-9578-7A4A2E7D6F1C}.Release|x64.Build.0 = Release|x64
		{024D3A09-575D-40F7-9578-7A4A2E7D6F1C}.Release|x64.Deploy.0 = Release|x64
		{024D3A09-575D-40F7-9578-7A4A2E7D6F1C}.Release|x86.ActiveCfg = Release|x86
		{024D3A09-575D-40F7-9578-7A4A2E7D6F1C}.Release|x86.Build.0 = Release|x86
		{024D3A09-575D-40F7-9578-7A4A2E7D6F1C}.Release|x86.Deploy.0 = Release|x86
		{BE043FF4-D228-46F7-8D61-1329E7C4AA83}.Ad-Hoc|Any CPU.ActiveCfg = Debug|Any CPU
		{BE043FF4-D228-46F7-8D61-1329E7C4AA83}.Ad-Hoc|Any CPU.Build.0 = Debug|Any CPU
		{BE043FF4-D228-46F7-8D61-1329E7C4AA83}.Ad-Hoc|Any CPU.Deploy.0 = Debug|Any CPU
		{BE043FF4-D228-46F7-8D61-1329E7C4AA83}.Ad-Hoc|ARM.ActiveCfg = Debug|Any CPU
		{BE043FF4-D228-46F7-8D61-1329E7C4AA83}.Ad-Hoc|ARM.Build.0 = Debug|Any CPU
		{BE043FF4-D228-46F7-8D61-1329E7C4AA83}.Ad-Hoc|ARM.Deploy.0 = Debug|Any CPU
		{BE043FF4-D228-46F7-8D61-1329E7C4AA83}.Ad-Hoc|iPhone.ActiveCfg = Debug|Any CPU
		{BE043FF4-D228-46F7-8D61-1329E7C4AA83}.Ad-Hoc|iPhone.Build.0 = Debug|Any CPU
		{BE043FF4-D228-46F7-8D61-1329E7C4AA83}.Ad-Hoc|iPhone.Deploy.0 = Debug|Any CPU
		{BE043FF4-D228-46F7-8D61-1329E7C4AA83}.Ad-Hoc|iPhoneSimulator.ActiveCfg = Debug|Any CPU
		{BE043FF4-D228-46F7-8D61-1329E7C4AA83}.Ad-Hoc|iPhoneSimulator.Build.0 = Debug|Any CPU
		{BE043FF4-D228-46F7-8D61-1329E7C4AA83}.Ad-Hoc|iPhoneSimulator.Deploy.0 = Debug|Any CPU
		{BE043FF4-D228-46F7-8D61-1329E7C4AA83}.Ad-Hoc|x64.ActiveCfg = Debug|Any CPU
		{BE043FF4-D228-46F7-8D61-1329E7C4AA83}.Ad-Hoc|x64.Build.0 = Debug|Any CPU
		{BE043FF4-D228-46F7-8D61-1329E7C4AA83}.Ad-Hoc|x64.Deploy.0 = Debug|Any CPU
		{BE043FF4-D228-46F7-8D61-1329E7C4AA83}.Ad-Hoc|x86.ActiveCfg = Debug|Any CPU
		{BE043FF4-D228-46F7-8D61-1329E7C4AA83}.Ad-Hoc|x86.Build.0 = Debug|Any CPU
		{BE043FF4-D228-46F7-8D61-1329E7C4AA83}.Ad-Hoc|x86.Deploy.0 = Debug|Any CPU
		{BE043FF4-D228-46F7-8D61-1329E7C4AA83}.AppStore|Any CPU.ActiveCfg = Debug|Any CPU
		{BE043FF4-D228-46F7-8D61-1329E7C4AA83}.AppStore|Any CPU.Build.0 = Debug|Any CPU
		{BE043FF4-D228-46F7-8D61-1329E7C4AA83}.AppStore|Any CPU.Deploy.0 = Debug|Any CPU
		{BE043FF4-D228-46F7-8D61-1329E7C4AA83}.AppStore|ARM.ActiveCfg = Debug|Any CPU
		{BE043FF4-D228-46F7-8D61-1329E7C4AA83}.AppStore|ARM.Build.0 = Debug|Any CPU
		{BE043FF4-D228-46F7-8D61-1329E7C4AA83}.AppStore|ARM.Deploy.0 = Debug|Any CPU
		{BE043FF4-D228-46F7-8D61-1329E7C4AA83}.AppStore|iPhone.ActiveCfg = Debug|Any CPU
		{BE043FF4-D228-46F7-8D61-1329E7C4AA83}.AppStore|iPhone.Build.0 = Debug|Any CPU
		{BE043FF4-D228-46F7-8D61-1329E7C4AA83}.AppStore|iPhone.Deploy.0 = Debug|Any CPU
		{BE043FF4-D228-46F7-8D61-1329E7C4AA83}.AppStore|iPhoneSimulator.ActiveCfg = Debug|Any CPU
		{BE043FF4-D228-46F7-8D61-1329E7C4AA83}.AppStore|iPhoneSimulator.Build.0 = Debug|Any CPU
		{BE043FF4-D228-46F7-8D61-1329E7C4AA83}.AppStore|iPhoneSimulator.Deploy.0 = Debug|Any CPU
		{BE043FF4-D228-46F7-8D61-1329E7C4AA83}.AppStore|x64.ActiveCfg = Debug|Any CPU
		{BE043FF4-D228-46F7-8D61-1329E7C4AA83}.AppStore|x64.Build.0 = Debug|Any CPU
		{BE043FF4-D228-46F7-8D61-1329E7C4AA83}.AppStore|x64.Deploy.0 = Debug|Any CPU
		{BE043FF4-D228-46F7-8D61-1329E7C4AA83}.AppStore|x86.ActiveCfg = Debug|Any CPU
		{BE043FF4-D228-46F7-8D61-1329E7C4AA83}.AppStore|x86.Build.0 = Debug|Any CPU
		{BE043FF4-D228-46F7-8D61-1329E7C4AA83}.AppStore|x86.Deploy.0 = Debug|Any CPU
		{BE043FF4-D228-46F7-8D61-1329E7C4AA83}.Debug|Any CPU.ActiveCfg = Debug|Any CPU
		{BE043FF4-D228-46F7-8D61-1329E7C4AA83}.Debug|Any CPU.Build.0 = Debug|Any CPU
		{BE043FF4-D228-46F7-8D61-1329E7C4AA83}.Debug|Any CPU.Deploy.0 = Debug|Any CPU
		{BE043FF4-D228-46F7-8D61-1329E7C4AA83}.Debug|ARM.ActiveCfg = Debug|Any CPU
		{BE043FF4-D228-46F7-8D61-1329E7C4AA83}.Debug|ARM.Build.0 = Debug|Any CPU
		{BE043FF4-D228-46F7-8D61-1329E7C4AA83}.Debug|ARM.Deploy.0 = Debug|Any CPU
		{BE043FF4-D228-46F7-8D61-1329E7C4AA83}.Debug|iPhone.ActiveCfg = Debug|Any CPU
		{BE043FF4-D228-46F7-8D61-1329E7C4AA83}.Debug|iPhone.Build.0 = Debug|Any CPU
		{BE043FF4-D228-46F7-8D61-1329E7C4AA83}.Debug|iPhone.Deploy.0 = Debug|Any CPU
		{BE043FF4-D228-46F7-8D61-1329E7C4AA83}.Debug|iPhoneSimulator.ActiveCfg = Debug|Any CPU
		{BE043FF4-D228-46F7-8D61-1329E7C4AA83}.Debug|iPhoneSimulator.Build.0 = Debug|Any CPU
		{BE043FF4-D228-46F7-8D61-1329E7C4AA83}.Debug|iPhoneSimulator.Deploy.0 = Debug|Any CPU
		{BE043FF4-D228-46F7-8D61-1329E7C4AA83}.Debug|x64.ActiveCfg = Debug|Any CPU
		{BE043FF4-D228-46F7-8D61-1329E7C4AA83}.Debug|x64.Build.0 = Debug|Any CPU
		{BE043FF4-D228-46F7-8D61-1329E7C4AA83}.Debug|x64.Deploy.0 = Debug|Any CPU
		{BE043FF4-D228-46F7-8D61-1329E7C4AA83}.Debug|x86.ActiveCfg = Debug|Any CPU
		{BE043FF4-D228-46F7-8D61-1329E7C4AA83}.Debug|x86.Build.0 = Debug|Any CPU
		{BE043FF4-D228-46F7-8D61-1329E7C4AA83}.Debug|x86.Deploy.0 = Debug|Any CPU
		{BE043FF4-D228-46F7-8D61-1329E7C4AA83}.Release|Any CPU.ActiveCfg = Release|Any CPU
		{BE043FF4-D228-46F7-8D61-1329E7C4AA83}.Release|Any CPU.Build.0 = Release|Any CPU
		{BE043FF4-D228-46F7-8D61-1329E7C4AA83}.Release|Any CPU.Deploy.0 = Release|Any CPU
		{BE043FF4-D228-46F7-8D61-1329E7C4AA83}.Release|ARM.ActiveCfg = Release|Any CPU
		{BE043FF4-D228-46F7-8D61-1329E7C4AA83}.Release|ARM.Build.0 = Release|Any CPU
		{BE043FF4-D228-46F7-8D61-1329E7C4AA83}.Release|ARM.Deploy.0 = Release|Any CPU
		{BE043FF4-D228-46F7-8D61-1329E7C4AA83}.Release|iPhone.ActiveCfg = Release|Any CPU
		{BE043FF4-D228-46F7-8D61-1329E7C4AA83}.Release|iPhone.Build.0 = Release|Any CPU
		{BE043FF4-D228-46F7-8D61-1329E7C4AA83}.Release|iPhone.Deploy.0 = Release|Any CPU
		{BE043FF4-D228-46F7-8D61-1329E7C4AA83}.Release|iPhoneSimulator.ActiveCfg = Release|Any CPU
		{BE043FF4-D228-46F7-8D61-1329E7C4AA83}.Release|iPhoneSimulator.Build.0 = Release|Any CPU
		{BE043FF4-D228-46F7-8D61-1329E7C4AA83}.Release|iPhoneSimulator.Deploy.0 = Release|Any CPU
		{BE043FF4-D228-46F7-8D61-1329E7C4AA83}.Release|x64.ActiveCfg = Release|Any CPU
		{BE043FF4-D228-46F7-8D61-1329E7C4AA83}.Release|x64.Build.0 = Release|Any CPU
		{BE043FF4-D228-46F7-8D61-1329E7C4AA83}.Release|x64.Deploy.0 = Release|Any CPU
		{BE043FF4-D228-46F7-8D61-1329E7C4AA83}.Release|x86.ActiveCfg = Release|Any CPU
		{BE043FF4-D228-46F7-8D61-1329E7C4AA83}.Release|x86.Build.0 = Release|Any CPU
		{BE043FF4-D228-46F7-8D61-1329E7C4AA83}.Release|x86.Deploy.0 = Release|Any CPU
		{D07DEBAC-4A99-4C67-89FA-5F7741A37E26}.Ad-Hoc|Any CPU.ActiveCfg = Debug|Any CPU
		{D07DEBAC-4A99-4C67-89FA-5F7741A37E26}.Ad-Hoc|Any CPU.Build.0 = Debug|Any CPU
		{D07DEBAC-4A99-4C67-89FA-5F7741A37E26}.Ad-Hoc|ARM.ActiveCfg = Debug|Any CPU
		{D07DEBAC-4A99-4C67-89FA-5F7741A37E26}.Ad-Hoc|ARM.Build.0 = Debug|Any CPU
		{D07DEBAC-4A99-4C67-89FA-5F7741A37E26}.Ad-Hoc|iPhone.ActiveCfg = Debug|Any CPU
		{D07DEBAC-4A99-4C67-89FA-5F7741A37E26}.Ad-Hoc|iPhone.Build.0 = Debug|Any CPU
		{D07DEBAC-4A99-4C67-89FA-5F7741A37E26}.Ad-Hoc|iPhoneSimulator.ActiveCfg = Debug|Any CPU
		{D07DEBAC-4A99-4C67-89FA-5F7741A37E26}.Ad-Hoc|iPhoneSimulator.Build.0 = Debug|Any CPU
		{D07DEBAC-4A99-4C67-89FA-5F7741A37E26}.Ad-Hoc|x64.ActiveCfg = Debug|Any CPU
		{D07DEBAC-4A99-4C67-89FA-5F7741A37E26}.Ad-Hoc|x64.Build.0 = Debug|Any CPU
		{D07DEBAC-4A99-4C67-89FA-5F7741A37E26}.Ad-Hoc|x86.ActiveCfg = Debug|Any CPU
		{D07DEBAC-4A99-4C67-89FA-5F7741A37E26}.Ad-Hoc|x86.Build.0 = Debug|Any CPU
		{D07DEBAC-4A99-4C67-89FA-5F7741A37E26}.AppStore|Any CPU.ActiveCfg = Debug|Any CPU
		{D07DEBAC-4A99-4C67-89FA-5F7741A37E26}.AppStore|Any CPU.Build.0 = Debug|Any CPU
		{D07DEBAC-4A99-4C67-89FA-5F7741A37E26}.AppStore|ARM.ActiveCfg = Debug|Any CPU
		{D07DEBAC-4A99-4C67-89FA-5F7741A37E26}.AppStore|ARM.Build.0 = Debug|Any CPU
		{D07DEBAC-4A99-4C67-89FA-5F7741A37E26}.AppStore|iPhone.ActiveCfg = Debug|Any CPU
		{D07DEBAC-4A99-4C67-89FA-5F7741A37E26}.AppStore|iPhone.Build.0 = Debug|Any CPU
		{D07DEBAC-4A99-4C67-89FA-5F7741A37E26}.AppStore|iPhoneSimulator.ActiveCfg = Debug|Any CPU
		{D07DEBAC-4A99-4C67-89FA-5F7741A37E26}.AppStore|iPhoneSimulator.Build.0 = Debug|Any CPU
		{D07DEBAC-4A99-4C67-89FA-5F7741A37E26}.AppStore|x64.ActiveCfg = Debug|Any CPU
		{D07DEBAC-4A99-4C67-89FA-5F7741A37E26}.AppStore|x64.Build.0 = Debug|Any CPU
		{D07DEBAC-4A99-4C67-89FA-5F7741A37E26}.AppStore|x86.ActiveCfg = Debug|Any CPU
		{D07DEBAC-4A99-4C67-89FA-5F7741A37E26}.AppStore|x86.Build.0 = Debug|Any CPU
		{D07DEBAC-4A99-4C67-89FA-5F7741A37E26}.Debug|Any CPU.ActiveCfg = Debug|Any CPU
		{D07DEBAC-4A99-4C67-89FA-5F7741A37E26}.Debug|Any CPU.Build.0 = Debug|Any CPU
		{D07DEBAC-4A99-4C67-89FA-5F7741A37E26}.Debug|ARM.ActiveCfg = Debug|Any CPU
		{D07DEBAC-4A99-4C67-89FA-5F7741A37E26}.Debug|ARM.Build.0 = Debug|Any CPU
		{D07DEBAC-4A99-4C67-89FA-5F7741A37E26}.Debug|iPhone.ActiveCfg = Debug|Any CPU
		{D07DEBAC-4A99-4C67-89FA-5F7741A37E26}.Debug|iPhone.Build.0 = Debug|Any CPU
		{D07DEBAC-4A99-4C67-89FA-5F7741A37E26}.Debug|iPhoneSimulator.ActiveCfg = Debug|Any CPU
		{D07DEBAC-4A99-4C67-89FA-5F7741A37E26}.Debug|iPhoneSimulator.Build.0 = Debug|Any CPU
		{D07DEBAC-4A99-4C67-89FA-5F7741A37E26}.Debug|x64.ActiveCfg = Debug|Any CPU
		{D07DEBAC-4A99-4C67-89FA-5F7741A37E26}.Debug|x64.Build.0 = Debug|Any CPU
		{D07DEBAC-4A99-4C67-89FA-5F7741A37E26}.Debug|x86.ActiveCfg = Debug|Any CPU
		{D07DEBAC-4A99-4C67-89FA-5F7741A37E26}.Debug|x86.Build.0 = Debug|Any CPU
		{D07DEBAC-4A99-4C67-89FA-5F7741A37E26}.Release|Any CPU.ActiveCfg = Release|Any CPU
		{D07DEBAC-4A99-4C67-89FA-5F7741A37E26}.Release|Any CPU.Build.0 = Release|Any CPU
		{D07DEBAC-4A99-4C67-89FA-5F7741A37E26}.Release|ARM.ActiveCfg = Release|Any CPU
		{D07DEBAC-4A99-4C67-89FA-5F7741A37E26}.Release|ARM.Build.0 = Release|Any CPU
		{D07DEBAC-4A99-4C67-89FA-5F7741A37E26}.Release|iPhone.ActiveCfg = Release|Any CPU
		{D07DEBAC-4A99-4C67-89FA-5F7741A37E26}.Release|iPhone.Build.0 = Release|Any CPU
		{D07DEBAC-4A99-4C67-89FA-5F7741A37E26}.Release|iPhoneSimulator.ActiveCfg = Release|Any CPU
		{D07DEBAC-4A99-4C67-89FA-5F7741A37E26}.Release|iPhoneSimulator.Build.0 = Release|Any CPU
		{D07DEBAC-4A99-4C67-89FA-5F7741A37E26}.Release|x64.ActiveCfg = Release|Any CPU
		{D07DEBAC-4A99-4C67-89FA-5F7741A37E26}.Release|x64.Build.0 = Release|Any CPU
		{D07DEBAC-4A99-4C67-89FA-5F7741A37E26}.Release|x86.ActiveCfg = Release|Any CPU
		{D07DEBAC-4A99-4C67-89FA-5F7741A37E26}.Release|x86.Build.0 = Release|Any CPU
	EndGlobalSection
	GlobalSection(SolutionProperties) = preSolution
		HideSolutionNode = FALSE
	EndGlobalSection
	GlobalSection(NestedProjects) = preSolution
		{D0998908-BE99-41F7-B2CB-A2E16CB856E4} = {DC39827A-5C9F-4DF3-A099-AB417412D14F}
		{5E0C5F22-ABD3-4A43-8E10-44DE17B64FFA} = {DC39827A-5C9F-4DF3-A099-AB417412D14F}
		{024D3A09-575D-40F7-9578-7A4A2E7D6F1C} = {DC39827A-5C9F-4DF3-A099-AB417412D14F}
	EndGlobalSection
	GlobalSection(ExtensibilityGlobals) = postSolution
		SolutionGuid = {896D79B0-FBAF-4431-B6F0-2C64D8555DAA}
	EndGlobalSection
EndGlobal
